
Microsoft Visual Studio Solution File, Format Version 12.00
# Visual Studio Version 16
VisualStudioVersion = 16.0.31702.278
MinimumVisualStudioVersion = 10.0.40219.1
Project("{FAE04EC0-301F-11D3-BF4B-00C04F79EFBC}") = "EFTXplorer", "EFTXplorer\EFTXplorer.csproj", "{97C8D2E7-4C2D-4EFE-9CB6-C0CDE1985EE7}"
EndProject
Global
	GlobalSection(SolutionConfigurationPlatforms) = preSolution
		Debug|Any CPU = Debug|Any CPU
		Debug|x64 = Debug|x64
		Release|Any CPU = Release|Any CPU
		Release|x64 = Release|x64
	EndGlobalSection
	GlobalSection(ProjectConfigurationPlatforms) = postSolution
		{97C8D2E7-4C2D-4EFE-9CB6-C0CDE1985EE7}.Debug|Any CPU.ActiveCfg = Debug|Any CPU
		{97C8D2E7-4C2D-4EFE-9CB6-C0CDE1985EE7}.Debug|Any CPU.Build.0 = Debug|Any CPU
		{97C8D2E7-4C2D-4EFE-9CB6-C0CDE1985EE7}.Debug|x64.ActiveCfg = Debug|x64
		{97C8D2E7-4C2D-4EFE-9CB6-C0CDE1985EE7}.Debug|x64.Build.0 = Debug|x64
		{97C8D2E7-4C2D-4EFE-9CB6-C0CDE1985EE7}.Release|Any CPU.ActiveCfg = Release|Any CPU
		{97C8D2E7-4C2D-4EFE-9CB6-C0CDE1985EE7}.Release|Any CPU.Build.0 = Release|Any CPU
		{97C8D2E7-4C2D-4EFE-9CB6-C0CDE1985EE7}.Release|x64.ActiveCfg = Release|x64
		{97C8D2E7-4C2D-4EFE-9CB6-C0CDE1985EE7}.Release|x64.Build.0 = Release|x64
	EndGlobalSection
	GlobalSection(SolutionProperties) = preSolution
		HideSolutionNode = FALSE
	EndGlobalSection
	GlobalSection(ExtensibilityGlobals) = postSolution
		SolutionGuid = {258847CD-656C-4ADE-B555-3B0DB06D62C0}
	EndGlobalSection
EndGlobal
